// !$*UTF8*$!
{
	archiveVersion = 1;
	classes = {
	};
	objectVersion = 46;
	objects = {

/* Begin PBXBuildFile section */
		2BC9E54A907A565BBE0CB3FF /* libPods-HBDNavigationBar_Tests.a in Frameworks */ = {isa = PBXBuildFile; fileRef = EDF8011858C0F08178E05507 /* libPods-HBDNavigationBar_Tests.a */; };
		314EB26527856F340046FE61 /* Assets.xcassets in Resources */ = {isa = PBXBuildFile; fileRef = 314EB26427856F340046FE61 /* Assets.xcassets */; };
		6003F58E195388D20070C39A /* Foundation.framework in Frameworks */ = {isa = PBXBuildFile; fileRef = 6003F58D195388D20070C39A /* Foundation.framework */; };
		6003F590195388D20070C39A /* CoreGraphics.framework in Frameworks */ = {isa = PBXBuildFile; fileRef = 6003F58F195388D20070C39A /* CoreGraphics.framework */; };
		6003F592195388D20070C39A /* UIKit.framework in Frameworks */ = {isa = PBXBuildFile; fileRef = 6003F591195388D20070C39A /* UIKit.framework */; };
		6003F598195388D20070C39A /* InfoPlist.strings in Resources */ = {isa = PBXBuildFile; fileRef = 6003F596195388D20070C39A /* InfoPlist.strings */; };
		6003F59A195388D20070C39A /* main.m in Sources */ = {isa = PBXBuildFile; fileRef = 6003F599195388D20070C39A /* main.m */; };
		6003F59E195388D20070C39A /* HBDAppDelegate.m in Sources */ = {isa = PBXBuildFile; fileRef = 6003F59D195388D20070C39A /* HBDAppDelegate.m */; };
		6003F5A9195388D20070C39A /* Images.xcassets in Resources */ = {isa = PBXBuildFile; fileRef = 6003F5A8195388D20070C39A /* Images.xcassets */; };
		6003F5B0195388D20070C39A /* XCTest.framework in Frameworks */ = {isa = PBXBuildFile; fileRef = 6003F5AF195388D20070C39A /* XCTest.framework */; };
		6003F5B1195388D20070C39A /* Foundation.framework in Frameworks */ = {isa = PBXBuildFile; fileRef = 6003F58D195388D20070C39A /* Foundation.framework */; };
		6003F5B2195388D20070C39A /* UIKit.framework in Frameworks */ = {isa = PBXBuildFile; fileRef = 6003F591195388D20070C39A /* UIKit.framework */; };
		6003F5BA195388D20070C39A /* InfoPlist.strings in Resources */ = {isa = PBXBuildFile; fileRef = 6003F5B8195388D20070C39A /* InfoPlist.strings */; };
		6003F5BC195388D20070C39A /* Tests.m in Sources */ = {isa = PBXBuildFile; fileRef = 6003F5BB195388D20070C39A /* Tests.m */; };
		71719F9F1E33DC2100824A3D /* LaunchScreen.storyboard in Resources */ = {isa = PBXBuildFile; fileRef = 71719F9D1E33DC2100824A3D /* LaunchScreen.storyboard */; };
		9114222C233E283200D8F6E6 /* FSPNavigationController.m in Sources */ = {isa = PBXBuildFile; fileRef = 9114222B233E283200D8F6E6 /* FSPNavigationController.m */; };
		9114222F233F537700D8F6E6 /* HBDPopAnimation.m in Sources */ = {isa = PBXBuildFile; fileRef = 9114222E233F537700D8F6E6 /* HBDPopAnimation.m */; };
		91142232233F538D00D8F6E6 /* HBDPushAnimation.m in Sources */ = {isa = PBXBuildFile; fileRef = 91142231233F538D00D8F6E6 /* HBDPushAnimation.m */; };
		9115292820872CA50061A797 /* DemoViewController.m in Sources */ = {isa = PBXBuildFile; fileRef = 9115292720872CA50061A797 /* DemoViewController.m */; };
		91245721208780AB0094CAFE /* YPGradientDemoViewController.m in Sources */ = {isa = PBXBuildFile; fileRef = 9124571F208780AB0094CAFE /* YPGradientDemoViewController.m */; };
		91245726208792F40094CAFE /* lakeside_sunset.png in Resources */ = {isa = PBXBuildFile; fileRef = 91245725208792F40094CAFE /* lakeside_sunset.png */; };
		91508EEB2064F3FB00316FA0 /* Main.storyboard in Resources */ = {isa = PBXBuildFile; fileRef = 91508EEA2064F3FB00316FA0 /* Main.storyboard */; };
		9182FBC2218056F700D6BE8F /* AViewController.m in Sources */ = {isa = PBXBuildFile; fileRef = 9182FBC1218056F700D6BE8F /* AViewController.m */; };
		9182FBC52180570900D6BE8F /* BViewController.m in Sources */ = {isa = PBXBuildFile; fileRef = 9182FBC42180570900D6BE8F /* BViewController.m */; };
		9182FBCC218059D200D6BE8F /* CViewController.m in Sources */ = {isa = PBXBuildFile; fileRef = 9182FBCA218059D200D6BE8F /* CViewController.m */; };
		9182FBCD218059D200D6BE8F /* CViewController.xib in Resources */ = {isa = PBXBuildFile; fileRef = 9182FBCB218059D200D6BE8F /* CViewController.xib */; };
		91BFA14D2388F4AE00A9623E /* TableViewController.m in Sources */ = {isa = PBXBuildFile; fileRef = 91BFA14C2388F4AE00A9623E /* TableViewController.m */; };
		91BFA158238E759200A9623E /* EViewController.m in Sources */ = {isa = PBXBuildFile; fileRef = 91BFA157238E759200A9623E /* EViewController.m */; };
		91BFA15B238E75A900A9623E /* FViewController.m in Sources */ = {isa = PBXBuildFile; fileRef = 91BFA15A238E75A900A9623E /* FViewController.m */; };
		91DBF5C5219183800019F7A0 /* DViewController.m in Sources */ = {isa = PBXBuildFile; fileRef = 91DBF5C4219183800019F7A0 /* DViewController.m */; };
		CD671FD8AE21609722E04CF8 /* libPods-HBDNavigationBar_Example.a in Frameworks */ = {isa = PBXBuildFile; fileRef = A13908942A92DA17B0E2C267 /* libPods-HBDNavigationBar_Example.a */; };
/* End PBXBuildFile section */

/* Begin PBXContainerItemProxy section */
		6003F5B3195388D20070C39A /* PBXContainerItemProxy */ = {
			isa = PBXContainerItemProxy;
			containerPortal = 6003F582195388D10070C39A /* Project object */;
			proxyType = 1;
			remoteGlobalIDString = 6003F589195388D20070C39A;
			remoteInfo = HBDNavigationBar;
		};
/* End PBXContainerItemProxy section */

/* Begin PBXFileReference section */
		12539303FEF479E73A06CB81 /* HBDNavigationBar.podspec */ = {isa = PBXFileReference; includeInIndex = 1; lastKnownFileType = text; name = HBDNavigationBar.podspec; path = ../HBDNavigationBar.podspec; sourceTree = "<group>"; xcLanguageSpecificationIdentifier = xcode.lang.ruby; };
		314EB26427856F340046FE61 /* Assets.xcassets */ = {isa = PBXFileReference; lastKnownFileType = folder.assetcatalog; path = Assets.xcassets; sourceTree = "<group>"; };
		3D6CD8082ED6F38FF5C370DC /* LICENSE */ = {isa = PBXFileReference; includeInIndex = 1; lastKnownFileType = text; name = LICENSE; path = ../LICENSE; sourceTree = "<group>"; };
		6003F58A195388D20070C39A /* HBDNavigationBar_Example.app */ = {isa = PBXFileReference; explicitFileType = wrapper.application; includeInIndex = 0; path = HBDNavigationBar_Example.app; sourceTree = BUILT_PRODUCTS_DIR; };
		6003F58D195388D20070C39A /* Foundation.framework */ = {isa = PBXFileReference; lastKnownFileType = wrapper.framework; name = Foundation.framework; path = System/Library/Frameworks/Foundation.framework; sourceTree = SDKROOT; };
		6003F58F195388D20070C39A /* CoreGraphics.framework */ = {isa = PBXFileReference; lastKnownFileType = wrapper.framework; name = CoreGraphics.framework; path = System/Library/Frameworks/CoreGraphics.framework; sourceTree = SDKROOT; };
		6003F591195388D20070C39A /* UIKit.framework */ = {isa = PBXFileReference; lastKnownFileType = wrapper.framework; name = UIKit.framework; path = System/Library/Frameworks/UIKit.framework; sourceTree = SDKROOT; };
		6003F595195388D20070C39A /* HBDNavigationBar-Info.plist */ = {isa = PBXFileReference; lastKnownFileType = text.plist.xml; path = "HBDNavigationBar-Info.plist"; sourceTree = "<group>"; };
		6003F597195388D20070C39A /* en */ = {isa = PBXFileReference; lastKnownFileType = text.plist.strings; name = en; path = en.lproj/InfoPlist.strings; sourceTree = "<group>"; };
		6003F599195388D20070C39A /* main.m */ = {isa = PBXFileReference; lastKnownFileType = sourcecode.c.objc; path = main.m; sourceTree = "<group>"; };
		6003F59B195388D20070C39A /* HBDNavigationBar-Prefix.pch */ = {isa = PBXFileReference; lastKnownFileType = sourcecode.c.h; path = "HBDNavigationBar-Prefix.pch"; sourceTree = "<group>"; };
		6003F59C195388D20070C39A /* HBDAppDelegate.h */ = {isa = PBXFileReference; lastKnownFileType = sourcecode.c.h; path = HBDAppDelegate.h; sourceTree = "<group>"; };
		6003F59D195388D20070C39A /* HBDAppDelegate.m */ = {isa = PBXFileReference; lastKnownFileType = sourcecode.c.objc; path = HBDAppDelegate.m; sourceTree = "<group>"; };
		6003F5A8195388D20070C39A /* Images.xcassets */ = {isa = PBXFileReference; lastKnownFileType = folder.assetcatalog; path = Images.xcassets; sourceTree = "<group>"; };
		6003F5AE195388D20070C39A /* HBDNavigationBar_Tests.xctest */ = {isa = PBXFileReference; explicitFileType = wrapper.cfbundle; includeInIndex = 0; path = HBDNavigationBar_Tests.xctest; sourceTree = BUILT_PRODUCTS_DIR; };
		6003F5AF195388D20070C39A /* XCTest.framework */ = {isa = PBXFileReference; lastKnownFileType = wrapper.framework; name = XCTest.framework; path = Library/Frameworks/XCTest.framework; sourceTree = DEVELOPER_DIR; };
		6003F5B7195388D20070C39A /* Tests-Info.plist */ = {isa = PBXFileReference; lastKnownFileType = text.plist.xml; path = "Tests-Info.plist"; sourceTree = "<group>"; };
		6003F5B9195388D20070C39A /* en */ = {isa = PBXFileReference; lastKnownFileType = text.plist.strings; name = en; path = en.lproj/InfoPlist.strings; sourceTree = "<group>"; };
		6003F5BB195388D20070C39A /* Tests.m */ = {isa = PBXFileReference; lastKnownFileType = sourcecode.c.objc; path = Tests.m; sourceTree = "<group>"; };
		606FC2411953D9B200FFA9A0 /* Tests-Prefix.pch */ = {isa = PBXFileReference; lastKnownFileType = sourcecode.c.h; path = "Tests-Prefix.pch"; sourceTree = "<group>"; };
		6FE69C85C4E63CDC743C3D23 /* Pods-HBDNavigationBar_Tests.debug.xcconfig */ = {isa = PBXFileReference; includeInIndex = 1; lastKnownFileType = text.xcconfig; name = "Pods-HBDNavigationBar_Tests.debug.xcconfig"; path = "Pods/Target Support Files/Pods-HBDNavigationBar_Tests/Pods-HBDNavigationBar_Tests.debug.xcconfig"; sourceTree = "<group>"; };
		71719F9E1E33DC2100824A3D /* Base */ = {isa = PBXFileReference; lastKnownFileType = file.storyboard; name = Base; path = Base.lproj/LaunchScreen.storyboard; sourceTree = "<group>"; };
		9114222A233E283200D8F6E6 /* FSPNavigationController.h */ = {isa = PBXFileReference; lastKnownFileType = sourcecode.c.h; path = FSPNavigationController.h; sourceTree = "<group>"; };
		9114222B233E283200D8F6E6 /* FSPNavigationController.m */ = {isa = PBXFileReference; lastKnownFileType = sourcecode.c.objc; path = FSPNavigationController.m; sourceTree = "<group>"; };
		9114222D233F537700D8F6E6 /* HBDPopAnimation.h */ = {isa = PBXFileReference; lastKnownFileType = sourcecode.c.h; path = HBDPopAnimation.h; sourceTree = "<group>"; };
		9114222E233F537700D8F6E6 /* HBDPopAnimation.m */ = {isa = PBXFileReference; lastKnownFileType = sourcecode.c.objc; path = HBDPopAnimation.m; sourceTree = "<group>"; };
		91142230233F538D00D8F6E6 /* HBDPushAnimation.h */ = {isa = PBXFileReference; lastKnownFileType = sourcecode.c.h; path = HBDPushAnimation.h; sourceTree = "<group>"; };
		91142231233F538D00D8F6E6 /* HBDPushAnimation.m */ = {isa = PBXFileReference; lastKnownFileType = sourcecode.c.objc; path = HBDPushAnimation.m; sourceTree = "<group>"; };
		9115292620872CA50061A797 /* DemoViewController.h */ = {isa = PBXFileReference; lastKnownFileType = sourcecode.c.h; path = DemoViewController.h; sourceTree = "<group>"; };
		9115292720872CA50061A797 /* DemoViewController.m */ = {isa = PBXFileReference; lastKnownFileType = sourcecode.c.objc; path = DemoViewController.m; sourceTree = "<group>"; };
		9124571F208780AB0094CAFE /* YPGradientDemoViewController.m */ = {isa = PBXFileReference; fileEncoding = 4; lastKnownFileType = sourcecode.c.objc; path = YPGradientDemoViewController.m; sourceTree = "<group>"; };
		91245720208780AB0094CAFE /* YPGradientDemoViewController.h */ = {isa = PBXFileReference; fileEncoding = 4; lastKnownFileType = sourcecode.c.h; path = YPGradientDemoViewController.h; sourceTree = "<group>"; };
		91245725208792F40094CAFE /* lakeside_sunset.png */ = {isa = PBXFileReference; lastKnownFileType = image.png; path = lakeside_sunset.png; sourceTree = "<group>"; };
		91508EEA2064F3FB00316FA0 /* Main.storyboard */ = {isa = PBXFileReference; lastKnownFileType = file.storyboard; path = Main.storyboard; sourceTree = "<group>"; };
		9182FBC0218056F700D6BE8F /* AViewController.h */ = {isa = PBXFileReference; lastKnownFileType = sourcecode.c.h; path = AViewController.h; sourceTree = "<group>"; };
		9182FBC1218056F700D6BE8F /* AViewController.m */ = {isa = PBXFileReference; lastKnownFileType = sourcecode.c.objc; path = AViewController.m; sourceTree = "<group>"; };
		9182FBC32180570900D6BE8F /* BViewController.h */ = {isa = PBXFileReference; lastKnownFileType = sourcecode.c.h; path = BViewController.h; sourceTree = "<group>"; };
		9182FBC42180570900D6BE8F /* BViewController.m */ = {isa = PBXFileReference; lastKnownFileType = sourcecode.c.objc; path = BViewController.m; sourceTree = "<group>"; };
		9182FBC9218059D200D6BE8F /* CViewController.h */ = {isa = PBXFileReference; lastKnownFileType = sourcecode.c.h; path = CViewController.h; sourceTree = "<group>"; };
		9182FBCA218059D200D6BE8F /* CViewController.m */ = {isa = PBXFileReference; lastKnownFileType = sourcecode.c.objc; path = CViewController.m; sourceTree = "<group>"; };
		9182FBCB218059D200D6BE8F /* CViewController.xib */ = {isa = PBXFileReference; lastKnownFileType = file.xib; path = CViewController.xib; sourceTree = "<group>"; };
		91BFA14B2388F4AE00A9623E /* TableViewController.h */ = {isa = PBXFileReference; lastKnownFileType = sourcecode.c.h; path = TableViewController.h; sourceTree = "<group>"; };
		91BFA14C2388F4AE00A9623E /* TableViewController.m */ = {isa = PBXFileReference; lastKnownFileType = sourcecode.c.objc; path = TableViewController.m; sourceTree = "<group>"; };
		91BFA156238E759200A9623E /* EViewController.h */ = {isa = PBXFileReference; lastKnownFileType = sourcecode.c.h; path = EViewController.h; sourceTree = "<group>"; };
		91BFA157238E759200A9623E /* EViewController.m */ = {isa = PBXFileReference; lastKnownFileType = sourcecode.c.objc; path = EViewController.m; sourceTree = "<group>"; };
		91BFA159238E75A900A9623E /* FViewController.h */ = {isa = PBXFileReference; lastKnownFileType = sourcecode.c.h; path = FViewController.h; sourceTree = "<group>"; };
		91BFA15A238E75A900A9623E /* FViewController.m */ = {isa = PBXFileReference; lastKnownFileType = sourcecode.c.objc; path = FViewController.m; sourceTree = "<group>"; };
		91D77696FC9CE1A013393325 /* Pods-HBDNavigationBar_Tests.release.xcconfig */ = {isa = PBXFileReference; includeInIndex = 1; lastKnownFileType = text.xcconfig; name = "Pods-HBDNavigationBar_Tests.release.xcconfig"; path = "Pods/Target Support Files/Pods-HBDNavigationBar_Tests/Pods-HBDNavigationBar_Tests.release.xcconfig"; sourceTree = "<group>"; };
		91DBF5C3219183800019F7A0 /* DViewController.h */ = {isa = PBXFileReference; lastKnownFileType = sourcecode.c.h; path = DViewController.h; sourceTree = "<group>"; };
		91DBF5C4219183800019F7A0 /* DViewController.m */ = {isa = PBXFileReference; lastKnownFileType = sourcecode.c.objc; path = DViewController.m; sourceTree = "<group>"; };
		A12383705CD9091B97E204F7 /* README.md */ = {isa = PBXFileReference; includeInIndex = 1; lastKnownFileType = net.daringfireball.markdown; name = README.md; path = ../README.md; sourceTree = "<group>"; };
		A13908942A92DA17B0E2C267 /* libPods-HBDNavigationBar_Example.a */ = {isa = PBXFileReference; explicitFileType = archive.ar; includeInIndex = 0; path = "libPods-HBDNavigationBar_Example.a"; sourceTree = BUILT_PRODUCTS_DIR; };
		B4CB778013B4106CEE199CD0 /* Pods-HBDNavigationBar_Example.debug.xcconfig */ = {isa = PBXFileReference; includeInIndex = 1; lastKnownFileType = text.xcconfig; name = "Pods-HBDNavigationBar_Example.debug.xcconfig"; path = "Pods/Target Support Files/Pods-HBDNavigationBar_Example/Pods-HBDNavigationBar_Example.debug.xcconfig"; sourceTree = "<group>"; };
		EDF8011858C0F08178E05507 /* libPods-HBDNavigationBar_Tests.a */ = {isa = PBXFileReference; explicitFileType = archive.ar; includeInIndex = 0; path = "libPods-HBDNavigationBar_Tests.a"; sourceTree = BUILT_PRODUCTS_DIR; };
		F10CA745C33C3DA26A969DE6 /* Pods-HBDNavigationBar_Example.release.xcconfig */ = {isa = PBXFileReference; includeInIndex = 1; lastKnownFileType = text.xcconfig; name = "Pods-HBDNavigationBar_Example.release.xcconfig"; path = "Pods/Target Support Files/Pods-HBDNavigationBar_Example/Pods-HBDNavigationBar_Example.release.xcconfig"; sourceTree = "<group>"; };
/* End PBXFileReference section */

/* Begin PBXFrameworksBuildPhase section */
		6003F587195388D20070C39A /* Frameworks */ = {
			isa = PBXFrameworksBuildPhase;
			buildActionMask = 2147483647;
			files = (
				6003F590195388D20070C39A /* CoreGraphics.framework in Frameworks */,
				6003F592195388D20070C39A /* UIKit.framework in Frameworks */,
				6003F58E195388D20070C39A /* Foundation.framework in Frameworks */,
				CD671FD8AE21609722E04CF8 /* libPods-HBDNavigationBar_Example.a in Frameworks */,
			);
			runOnlyForDeploymentPostprocessing = 0;
		};
		6003F5AB195388D20070C39A /* Frameworks */ = {
			isa = PBXFrameworksBuildPhase;
			buildActionMask = 2147483647;
			files = (
				6003F5B0195388D20070C39A /* XCTest.framework in Frameworks */,
				6003F5B2195388D20070C39A /* UIKit.framework in Frameworks */,
				6003F5B1195388D20070C39A /* Foundation.framework in Frameworks */,
				2BC9E54A907A565BBE0CB3FF /* libPods-HBDNavigationBar_Tests.a in Frameworks */,
			);
			runOnlyForDeploymentPostprocessing = 0;
		};
/* End PBXFrameworksBuildPhase section */

/* Begin PBXGroup section */
		6003F581195388D10070C39A = {
			isa = PBXGroup;
			children = (
				314EB26427856F340046FE61 /* Assets.xcassets */,
				60FF7A9C1954A5C5007DD14C /* Podspec Metadata */,
				6003F593195388D20070C39A /* Example for HBDNavigationBar */,
				6003F5B5195388D20070C39A /* Tests */,
				6003F58C195388D20070C39A /* Frameworks */,
				6003F58B195388D20070C39A /* Products */,
				E757A3A531E929C94928481F /* Pods */,
			);
			sourceTree = "<group>";
		};
		6003F58B195388D20070C39A /* Products */ = {
			isa = PBXGroup;
			children = (
				6003F58A195388D20070C39A /* HBDNavigationBar_Example.app */,
				6003F5AE195388D20070C39A /* HBDNavigationBar_Tests.xctest */,
			);
			name = Products;
			sourceTree = "<group>";
		};
		6003F58C195388D20070C39A /* Frameworks */ = {
			isa = PBXGroup;
			children = (
				6003F58D195388D20070C39A /* Foundation.framework */,
				6003F58F195388D20070C39A /* CoreGraphics.framework */,
				6003F591195388D20070C39A /* UIKit.framework */,
				6003F5AF195388D20070C39A /* XCTest.framework */,
				A13908942A92DA17B0E2C267 /* libPods-HBDNavigationBar_Example.a */,
				EDF8011858C0F08178E05507 /* libPods-HBDNavigationBar_Tests.a */,
			);
			name = Frameworks;
			sourceTree = "<group>";
		};
		6003F593195388D20070C39A /* Example for HBDNavigationBar */ = {
			isa = PBXGroup;
			children = (
				6003F59C195388D20070C39A /* HBDAppDelegate.h */,
				6003F59D195388D20070C39A /* HBDAppDelegate.m */,
				71719F9D1E33DC2100824A3D /* LaunchScreen.storyboard */,
				6003F5A8195388D20070C39A /* Images.xcassets */,
				6003F594195388D20070C39A /* Supporting Files */,
				91508EEA2064F3FB00316FA0 /* Main.storyboard */,
				91DBF5C3219183800019F7A0 /* DViewController.h */,
				91DBF5C4219183800019F7A0 /* DViewController.m */,
				9115292620872CA50061A797 /* DemoViewController.h */,
				9115292720872CA50061A797 /* DemoViewController.m */,
				91245720208780AB0094CAFE /* YPGradientDemoViewController.h */,
				9124571F208780AB0094CAFE /* YPGradientDemoViewController.m */,
				91245725208792F40094CAFE /* lakeside_sunset.png */,
				9182FBC0218056F700D6BE8F /* AViewController.h */,
				9182FBC1218056F700D6BE8F /* AViewController.m */,
				9182FBC32180570900D6BE8F /* BViewController.h */,
				9182FBC42180570900D6BE8F /* BViewController.m */,
				9182FBC9218059D200D6BE8F /* CViewController.h */,
				9182FBCA218059D200D6BE8F /* CViewController.m */,
				9182FBCB218059D200D6BE8F /* CViewController.xib */,
				9114222A233E283200D8F6E6 /* FSPNavigationController.h */,
				9114222B233E283200D8F6E6 /* FSPNavigationController.m */,
				9114222D233F537700D8F6E6 /* HBDPopAnimation.h */,
				9114222E233F537700D8F6E6 /* HBDPopAnimation.m */,
				91142230233F538D00D8F6E6 /* HBDPushAnimation.h */,
				91142231233F538D00D8F6E6 /* HBDPushAnimation.m */,
				91BFA14B2388F4AE00A9623E /* TableViewController.h */,
				91BFA14C2388F4AE00A9623E /* TableViewController.m */,
				91BFA156238E759200A9623E /* EViewController.h */,
				91BFA157238E759200A9623E /* EViewController.m */,
				91BFA159238E75A900A9623E /* FViewController.h */,
				91BFA15A238E75A900A9623E /* FViewController.m */,
			);
			name = "Example for HBDNavigationBar";
			path = HBDNavigationBar;
			sourceTree = "<group>";
		};
		6003F594195388D20070C39A /* Supporting Files */ = {
			isa = PBXGroup;
			children = (
				6003F595195388D20070C39A /* HBDNavigationBar-Info.plist */,
				6003F596195388D20070C39A /* InfoPlist.strings */,
				6003F599195388D20070C39A /* main.m */,
				6003F59B195388D20070C39A /* HBDNavigationBar-Prefix.pch */,
			);
			name = "Supporting Files";
			sourceTree = "<group>";
		};
		6003F5B5195388D20070C39A /* Tests */ = {
			isa = PBXGroup;
			children = (
				6003F5BB195388D20070C39A /* Tests.m */,
				6003F5B6195388D20070C39A /* Supporting Files */,
			);
			path = Tests;
			sourceTree = "<group>";
		};
		6003F5B6195388D20070C39A /* Supporting Files */ = {
			isa = PBXGroup;
			children = (
				6003F5B7195388D20070C39A /* Tests-Info.plist */,
				6003F5B8195388D20070C39A /* InfoPlist.strings */,
				606FC2411953D9B200FFA9A0 /* Tests-Prefix.pch */,
			);
			name = "Supporting Files";
			sourceTree = "<group>";
		};
		60FF7A9C1954A5C5007DD14C /* Podspec Metadata */ = {
			isa = PBXGroup;
			children = (
				12539303FEF479E73A06CB81 /* HBDNavigationBar.podspec */,
				A12383705CD9091B97E204F7 /* README.md */,
				3D6CD8082ED6F38FF5C370DC /* LICENSE */,
			);
			name = "Podspec Metadata";
			sourceTree = "<group>";
		};
		E757A3A531E929C94928481F /* Pods */ = {
			isa = PBXGroup;
			children = (
				B4CB778013B4106CEE199CD0 /* Pods-HBDNavigationBar_Example.debug.xcconfig */,
				F10CA745C33C3DA26A969DE6 /* Pods-HBDNavigationBar_Example.release.xcconfig */,
				6FE69C85C4E63CDC743C3D23 /* Pods-HBDNavigationBar_Tests.debug.xcconfig */,
				91D77696FC9CE1A013393325 /* Pods-HBDNavigationBar_Tests.release.xcconfig */,
			);
			name = Pods;
			sourceTree = "<group>";
		};
/* End PBXGroup section */

/* Begin PBXNativeTarget section */
		6003F589195388D20070C39A /* HBDNavigationBar_Example */ = {
			isa = PBXNativeTarget;
			buildConfigurationList = 6003F5BF195388D20070C39A /* Build configuration list for PBXNativeTarget "HBDNavigationBar_Example" */;
			buildPhases = (
				25FE23AE91AD2DD7AD28CA5F /* [CP] Check Pods Manifest.lock */,
				6003F586195388D20070C39A /* Sources */,
				6003F587195388D20070C39A /* Frameworks */,
				6003F588195388D20070C39A /* Resources */,
			);
			buildRules = (
			);
			dependencies = (
			);
			name = HBDNavigationBar_Example;
			productName = HBDNavigationBar;
			productReference = 6003F58A195388D20070C39A /* HBDNavigationBar_Example.app */;
			productType = "com.apple.product-type.application";
		};
		6003F5AD195388D20070C39A /* HBDNavigationBar_Tests */ = {
			isa = PBXNativeTarget;
			buildConfigurationList = 6003F5C2195388D20070C39A /* Build configuration list for PBXNativeTarget "HBDNavigationBar_Tests" */;
			buildPhases = (
				143E4C24CA7DF3395C9B2E2A /* [CP] Check Pods Manifest.lock */,
				6003F5AA195388D20070C39A /* Sources */,
				6003F5AB195388D20070C39A /* Frameworks */,
				6003F5AC195388D20070C39A /* Resources */,
			);
			buildRules = (
			);
			dependencies = (
				6003F5B4195388D20070C39A /* PBXTargetDependency */,
			);
			name = HBDNavigationBar_Tests;
			productName = HBDNavigationBarTests;
			productReference = 6003F5AE195388D20070C39A /* HBDNavigationBar_Tests.xctest */;
			productType = "com.apple.product-type.bundle.unit-test";
		};
/* End PBXNativeTarget section */

/* Begin PBXProject section */
		6003F582195388D10070C39A /* Project object */ = {
			isa = PBXProject;
			attributes = {
				CLASSPREFIX = HBD;
				LastUpgradeCheck = 1320;
				ORGANIZATIONNAME = "listenzz@163.com";
				TargetAttributes = {
					6003F589195388D20070C39A = {
						DevelopmentTeam = RJX3H8KBAF;
					};
					6003F5AD195388D20070C39A = {
						TestTargetID = 6003F589195388D20070C39A;
					};
				};
			};
			buildConfigurationList = 6003F585195388D10070C39A /* Build configuration list for PBXProject "HBDNavigationBar" */;
			compatibilityVersion = "Xcode 3.2";
			developmentRegion = English;
			hasScannedForEncodings = 0;
			knownRegions = (
				English,
				en,
				Base,
			);
			mainGroup = 6003F581195388D10070C39A;
			productRefGroup = 6003F58B195388D20070C39A /* Products */;
			projectDirPath = "";
			projectRoot = "";
			targets = (
				6003F589195388D20070C39A /* HBDNavigationBar_Example */,
				6003F5AD195388D20070C39A /* HBDNavigationBar_Tests */,
			);
		};
/* End PBXProject section */

/* Begin PBXResourcesBuildPhase section */
		6003F588195388D20070C39A /* Resources */ = {
			isa = PBXResourcesBuildPhase;
			buildActionMask = 2147483647;
			files = (
				9182FBCD218059D200D6BE8F /* CViewController.xib in Resources */,
				71719F9F1E33DC2100824A3D /* LaunchScreen.storyboard in Resources */,
				91245726208792F40094CAFE /* lakeside_sunset.png in Resources */,
				91508EEB2064F3FB00316FA0 /* Main.storyboard in Resources */,
				314EB26527856F340046FE61 /* Assets.xcassets in Resources */,
				6003F5A9195388D20070C39A /* Images.xcassets in Resources */,
				6003F598195388D20070C39A /* InfoPlist.strings in Resources */,
			);
			runOnlyForDeploymentPostprocessing = 0;
		};
		6003F5AC195388D20070C39A /* Resources */ = {
			isa = PBXResourcesBuildPhase;
			buildActionMask = 2147483647;
			files = (
				6003F5BA195388D20070C39A /* InfoPlist.strings in Resources */,
			);
			runOnlyForDeploymentPostprocessing = 0;
		};
/* End PBXResourcesBuildPhase section */

/* Begin PBXShellScriptBuildPhase section */
		143E4C24CA7DF3395C9B2E2A /* [CP] Check Pods Manifest.lock */ = {
			isa = PBXShellScriptBuildPhase;
			buildActionMask = 2147483647;
			files = (
			);
			inputPaths = (
				"${PODS_PODFILE_DIR_PATH}/Podfile.lock",
				"${PODS_ROOT}/Manifest.lock",
			);
			name = "[CP] Check Pods Manifest.lock";
			outputPaths = (
				"$(DERIVED_FILE_DIR)/Pods-HBDNavigationBar_Tests-checkManifestLockResult.txt",
			);
			runOnlyForDeploymentPostprocessing = 0;
			shellPath = /bin/sh;
			shellScript = "diff \"${PODS_PODFILE_DIR_PATH}/Podfile.lock\" \"${PODS_ROOT}/Manifest.lock\" > /dev/null\nif [ $? != 0 ] ; then\n    # print error to STDERR\n    echo \"error: The sandbox is not in sync with the Podfile.lock. Run 'pod install' or update your CocoaPods installation.\" >&2\n    exit 1\nfi\n# This output is used by Xcode 'outputs' to avoid re-running this script phase.\necho \"SUCCESS\" > \"${SCRIPT_OUTPUT_FILE_0}\"\n";
			showEnvVarsInLog = 0;
		};
		25FE23AE91AD2DD7AD28CA5F /* [CP] Check Pods Manifest.lock */ = {
			isa = PBXShellScriptBuildPhase;
			buildActionMask = 2147483647;
			files = (
			);
			inputPaths = (
				"${PODS_PODFILE_DIR_PATH}/Podfile.lock",
				"${PODS_ROOT}/Manifest.lock",
			);
			name = "[CP] Check Pods Manifest.lock";
			outputPaths = (
				"$(DERIVED_FILE_DIR)/Pods-HBDNavigationBar_Example-checkManifestLockResult.txt",
			);
			runOnlyForDeploymentPostprocessing = 0;
			shellPath = /bin/sh;
			shellScript = "diff \"${PODS_PODFILE_DIR_PATH}/Podfile.lock\" \"${PODS_ROOT}/Manifest.lock\" > /dev/null\nif [ $? != 0 ] ; then\n    # print error to STDERR\n    echo \"error: The sandbox is not in sync with the Podfile.lock. Run 'pod install' or update your CocoaPods installation.\" >&2\n    exit 1\nfi\n# This output is used by Xcode 'outputs' to avoid re-running this script phase.\necho \"SUCCESS\" > \"${SCRIPT_OUTPUT_FILE_0}\"\n";
			showEnvVarsInLog = 0;
		};
/* End PBXShellScriptBuildPhase section */

/* Begin PBXSourcesBuildPhase section */
		6003F586195388D20070C39A /* Sources */ = {
			isa = PBXSourcesBuildPhase;
			buildActionMask = 2147483647;
			files = (
				91245721208780AB0094CAFE /* YPGradientDemoViewController.m in Sources */,
				9182FBC52180570900D6BE8F /* BViewController.m in Sources */,
				91142232233F538D00D8F6E6 /* HBDPushAnimation.m in Sources */,
				91BFA15B238E75A900A9623E /* FViewController.m in Sources */,
				9182FBC2218056F700D6BE8F /* AViewController.m in Sources */,
				6003F59E195388D20070C39A /* HBDAppDelegate.m in Sources */,
				9114222C233E283200D8F6E6 /* FSPNavigationController.m in Sources */,
				6003F59A195388D20070C39A /* main.m in Sources */,
				91BFA14D2388F4AE00A9623E /* TableViewController.m in Sources */,
				9115292820872CA50061A797 /* DemoViewController.m in Sources */,
				9114222F233F537700D8F6E6 /* HBDPopAnimation.m in Sources */,
				9182FBCC218059D200D6BE8F /* CViewController.m in Sources */,
				91BFA158238E759200A9623E /* EViewController.m in Sources */,
				91DBF5C5219183800019F7A0 /* DViewController.m in Sources */,
			);
			runOnlyForDeploymentPostprocessing = 0;
		};
		6003F5AA195388D20070C39A /* Sources */ = {
			isa = PBXSourcesBuildPhase;
			buildActionMask = 2147483647;
			files = (
				6003F5BC195388D20070C39A /* Tests.m in Sources */,
			);
			runOnlyForDeploymentPostprocessing = 0;
		};
/* End PBXSourcesBuildPhase section */

/* Begin PBXTargetDependency section */
		6003F5B4195388D20070C39A /* PBXTargetDependency */ = {
			isa = PBXTargetDependency;
			target = 6003F589195388D20070C39A /* HBDNavigationBar_Example */;
			targetProxy = 6003F5B3195388D20070C39A /* PBXContainerItemProxy */;
		};
/* End PBXTargetDependency section */

/* Begin PBXVariantGroup section */
		6003F596195388D20070C39A /* InfoPlist.strings */ = {
			isa = PBXVariantGroup;
			children = (
				6003F597195388D20070C39A /* en */,
			);
			name = InfoPlist.strings;
			sourceTree = "<group>";
		};
		6003F5B8195388D20070C39A /* InfoPlist.strings */ = {
			isa = PBXVariantGroup;
			children = (
				6003F5B9195388D20070C39A /* en */,
			);
			name = InfoPlist.strings;
			sourceTree = "<group>";
		};
		71719F9D1E33DC2100824A3D /* LaunchScreen.storyboard */ = {
			isa = PBXVariantGroup;
			children = (
				71719F9E1E33DC2100824A3D /* Base */,
			);
			name = LaunchScreen.storyboard;
			sourceTree = "<group>";
		};
/* End PBXVariantGroup section */

/* Begin XCBuildConfiguration section */
		6003F5BD195388D20070C39A /* Debug */ = {
			isa = XCBuildConfiguration;
			buildSettings = {
				ALWAYS_SEARCH_USER_PATHS = NO;
				CLANG_ANALYZER_LOCALIZABILITY_NONLOCALIZED = YES;
				CLANG_CXX_LANGUAGE_STANDARD = "gnu++0x";
				CLANG_CXX_LIBRARY = "libc++";
				CLANG_ENABLE_MODULES = YES;
				CLANG_ENABLE_OBJC_ARC = YES;
				CLANG_WARN_BLOCK_CAPTURE_AUTORELEASING = YES;
				CLANG_WARN_BOOL_CONVERSION = YES;
				CLANG_WARN_COMMA = YES;
				CLANG_WARN_CONSTANT_CONVERSION = YES;
				CLANG_WARN_DEPRECATED_OBJC_IMPLEMENTATIONS = YES;
				CLANG_WARN_DIRECT_OBJC_ISA_USAGE = YES_ERROR;
				CLANG_WARN_EMPTY_BODY = YES;
				CLANG_WARN_ENUM_CONVERSION = YES;
				CLANG_WARN_INFINITE_RECURSION = YES;
				CLANG_WARN_INT_CONVERSION = YES;
				CLANG_WARN_NON_LITERAL_NULL_CONVERSION = YES;
				CLANG_WARN_OBJC_IMPLICIT_RETAIN_SELF = YES;
				CLANG_WARN_OBJC_LITERAL_CONVERSION = YES;
				CLANG_WARN_OBJC_ROOT_CLASS = YES_ERROR;
				CLANG_WARN_QUOTED_INCLUDE_IN_FRAMEWORK_HEADER = YES;
				CLANG_WARN_RANGE_LOOP_ANALYSIS = YES;
				CLANG_WARN_STRICT_PROTOTYPES = YES;
				CLANG_WARN_SUSPICIOUS_MOVE = YES;
				CLANG_WARN_UNREACHABLE_CODE = YES;
				CLANG_WARN__DUPLICATE_METHOD_MATCH = YES;
				"CODE_SIGN_IDENTITY[sdk=iphoneos*]" = "iPhone Developer";
				COPY_PHASE_STRIP = NO;
				ENABLE_STRICT_OBJC_MSGSEND = YES;
				ENABLE_TESTABILITY = YES;
				GCC_C_LANGUAGE_STANDARD = gnu99;
				GCC_DYNAMIC_NO_PIC = NO;
				GCC_NO_COMMON_BLOCKS = YES;
				GCC_OPTIMIZATION_LEVEL = 0;
				GCC_PREPROCESSOR_DEFINITIONS = (
					"DEBUG=1",
					"$(inherited)",
				);
				GCC_SYMBOLS_PRIVATE_EXTERN = NO;
				GCC_WARN_64_TO_32_BIT_CONVERSION = YES;
				GCC_WARN_ABOUT_RETURN_TYPE = YES_ERROR;
				GCC_WARN_UNDECLARED_SELECTOR = YES;
				GCC_WARN_UNINITIALIZED_AUTOS = YES_AGGRESSIVE;
				GCC_WARN_UNUSED_FUNCTION = YES;
				GCC_WARN_UNUSED_VARIABLE = YES;
				IPHONEOS_DEPLOYMENT_TARGET = 10.0;
				ONLY_ACTIVE_ARCH = YES;
				SDKROOT = iphoneos;
				TARGETED_DEVICE_FAMILY = "1,2";
			};
			name = Debug;
		};
		6003F5BE195388D20070C39A /* Release */ = {
			isa = XCBuildConfiguration;
			buildSettings = {
				ALWAYS_SEARCH_USER_PATHS = NO;
				CLANG_ANALYZER_LOCALIZABILITY_NONLOCALIZED = YES;
				CLANG_CXX_LANGUAGE_STANDARD = "gnu++0x";
				CLANG_CXX_LIBRARY = "libc++";
				CLANG_ENABLE_MODULES = YES;
				CLANG_ENABLE_OBJC_ARC = YES;
				CLANG_WARN_BLOCK_CAPTURE_AUTORELEASING = YES;
				CLANG_WARN_BOOL_CONVERSION = YES;
				CLANG_WARN_COMMA = YES;
				CLANG_WARN_CONSTANT_CONVERSION = YES;
				CLANG_WARN_DEPRECATED_OBJC_IMPLEMENTATIONS = YES;
				CLANG_WARN_DIRECT_OBJC_ISA_USAGE = YES_ERROR;
				CLANG_WARN_EMPTY_BODY = YES;
				CLANG_WARN_ENUM_CONVERSION = YES;
				CLANG_WARN_INFINITE_RECURSION = YES;
				CLANG_WARN_INT_CONVERSION = YES;
				CLANG_WARN_NON_LITERAL_NULL_CONVERSION = YES;
				CLANG_WARN_OBJC_IMPLICIT_RETAIN_SELF = YES;
				CLANG_WARN_OBJC_LITERAL_CONVERSION = YES;
				CLANG_WARN_OBJC_ROOT_CLASS = YES_ERROR;
				CLANG_WARN_QUOTED_INCLUDE_IN_FRAMEWORK_HEADER = YES;
				CLANG_WARN_RANGE_LOOP_ANALYSIS = YES;
				CLANG_WARN_STRICT_PROTOTYPES = YES;
				CLANG_WARN_SUSPICIOUS_MOVE = YES;
				CLANG_WARN_UNREACHABLE_CODE = YES;
				CLANG_WARN__DUPLICATE_METHOD_MATCH = YES;
				"CODE_SIGN_IDENTITY[sdk=iphoneos*]" = "iPhone Developer";
				COPY_PHASE_STRIP = YES;
				ENABLE_NS_ASSERTIONS = NO;
				ENABLE_STRICT_OBJC_MSGSEND = YES;
				GCC_C_LANGUAGE_STANDARD = gnu99;
				GCC_NO_COMMON_BLOCKS = YES;
				GCC_WARN_64_TO_32_BIT_CONVERSION = YES;
				GCC_WARN_ABOUT_RETURN_TYPE = YES_ERROR;
				GCC_WARN_UNDECLARED_SELECTOR = YES;
				GCC_WARN_UNINITIALIZED_AUTOS = YES_AGGRESSIVE;
				GCC_WARN_UNUSED_FUNCTION = YES;
				GCC_WARN_UNUSED_VARIABLE = YES;
				IPHONEOS_DEPLOYMENT_TARGET = 10.0;
				SDKROOT = iphoneos;
				TARGETED_DEVICE_FAMILY = "1,2";
				VALIDATE_PRODUCT = YES;
			};
			name = Release;
		};
		6003F5C0195388D20070C39A /* Debug */ = {
			isa = XCBuildConfiguration;
			baseConfigurationReference = B4CB778013B4106CEE199CD0 /* Pods-HBDNavigationBar_Example.debug.xcconfig */;
			buildSettings = {
				ASSETCATALOG_COMPILER_APPICON_NAME = AppIcon;
				DEVELOPMENT_TEAM = RJX3H8KBAF;
				GCC_PRECOMPILE_PREFIX_HEADER = YES;
				GCC_PREFIX_HEADER = "HBDNavigationBar/HBDNavigationBar-Prefix.pch";
				INFOPLIST_FILE = "HBDNavigationBar/HBDNavigationBar-Info.plist";
				MODULE_NAME = ExampleApp;
				PRODUCT_BUNDLE_IDENTIFIER = "org.cocoapods.demo.${PRODUCT_NAME:rfc1034identifier}";
				PRODUCT_NAME = "$(TARGET_NAME)";
				WRAPPER_EXTENSION = app;
			};
			name = Debug;
		};
		6003F5C1195388D20070C39A /* Release */ = {
			isa = XCBuildConfiguration;
			baseConfigurationReference = F10CA745C33C3DA26A969DE6 /* Pods-HBDNavigationBar_Example.release.xcconfig */;
			buildSettings = {
				ASSETCATALOG_COMPILER_APPICON_NAME = AppIcon;
				DEVELOPMENT_TEAM = RJX3H8KBAF;
				GCC_PRECOMPILE_PREFIX_HEADER = YES;
				GCC_PREFIX_HEADER = "HBDNavigationBar/HBDNavigationBar-Prefix.pch";
				INFOPLIST_FILE = "HBDNavigationBar/HBDNavigationBar-Info.plist";
				MODULE_NAME = ExampleApp;
				PRODUCT_BUNDLE_IDENTIFIER = "org.cocoapods.demo.${PRODUCT_NAME:rfc1034identifier}";
				PRODUCT_NAME = "$(TARGET_NAME)";
				WRAPPER_EXTENSION = app;
			};
			name = Release;
		};
		6003F5C3195388D20070C39A /* Debug */ = {
			isa = XCBuildConfiguration;
			baseConfigurationReference = 6FE69C85C4E63CDC743C3D23 /* Pods-HBDNavigationBar_Tests.debug.xcconfig */;
			buildSettings = {
				BUNDLE_LOADER = "$(TEST_HOST)";
				FRAMEWORK_SEARCH_PATHS = (
					"$(SDKROOT)/Developer/Library/Frameworks",
					"$(inherited)",
					"$(DEVELOPER_FRAMEWORKS_DIR)",
				);
				GCC_PRECOMPILE_PREFIX_HEADER = YES;
				GCC_PREFIX_HEADER = "Tests/Tests-Prefix.pch";
				GCC_PREPROCESSOR_DEFINITIONS = (
					"DEBUG=1",
					"$(inherited)",
				);
				INFOPLIST_FILE = "Tests/Tests-Info.plist";
				PRODUCT_BUNDLE_IDENTIFIER = "org.cocoapods.demo.${PRODUCT_NAME:rfc1034identifier}";
				PRODUCT_NAME = "$(TARGET_NAME)";
				TEST_HOST = "$(BUILT_PRODUCTS_DIR)/HBDNavigationBar_Example.app/HBDNavigationBar_Example";
				WRAPPER_EXTENSION = xctest;
			};
			name = Debug;
		};
		6003F5C4195388D20070C39A /* Release */ = {
			isa = XCBuildConfiguration;
			baseConfigurationReference = 91D77696FC9CE1A013393325 /* Pods-HBDNavigationBar_Tests.release.xcconfig */;
			buildSettings = {
				BUNDLE_LOADER = "$(TEST_HOST)";
				FRAMEWORK_SEARCH_PATHS = (
					"$(SDKROOT)/Developer/Library/Frameworks",
					"$(inherited)",
					"$(DEVELOPER_FRAMEWORKS_DIR)",
				);
				GCC_PRECOMPILE_PREFIX_HEADER = YES;
				GCC_PREFIX_HEADER = "Tests/Tests-Prefix.pch";
				INFOPLIST_FILE = "Tests/Tests-Info.plist";
				PRODUCT_BUNDLE_IDENTIFIER = "org.cocoapods.demo.${PRODUCT_NAME:rfc1034identifier}";
				PRODUCT_NAME = "$(TARGET_NAME)";
				TEST_HOST = "$(BUILT_PRODUCTS_DIR)/HBDNavigationBar_Example.app/HBDNavigationBar_Example";
				WRAPPER_EXTENSION = xctest;
			};
			name = Release;
		};
/* End XCBuildConfiguration section */

/* Begin XCConfigurationList section */
		6003F585195388D10070C39A /* Build configuration list for PBXProject "HBDNavigationBar" */ = {
			isa = XCConfigurationList;
			buildConfigurations = (
				6003F5BD195388D20070C39A /* Debug */,
				6003F5BE195388D20070C39A /* Release */,
			);
			defaultConfigurationIsVisible = 0;
			defaultConfigurationName = Release;
		};
		6003F5BF195388D20070C39A /* Build configuration list for PBXNativeTarget "HBDNavigationBar_Example" */ = {
			isa = XCConfigurationList;
			buildConfigurations = (
				6003F5C0195388D20070C39A /* Debug */,
				6003F5C1195388D20070C39A /* Release */,
			);
			defaultConfigurationIsVisible = 0;
			defaultConfigurationName = Release;
		};
		6003F5C2195388D20070C39A /* Build configuration list for PBXNativeTarget "HBDNavigationBar_Tests" */ = {
			isa = XCConfigurationList;
			buildConfigurations = (
				6003F5C3195388D20070C39A /* Debug */,
				6003F5C4195388D20070C39A /* Release */,
			);
			defaultConfigurationIsVisible = 0;
			defaultConfigurationName = Release;
		};
/* End XCConfigurationList section */
	};
	rootObject = 6003F582195388D10070C39A /* Project object */;
}
